// !$*UTF8*$!
{
	archiveVersion = 1;
	classes = {
	};
	objectVersion = 55;
	objects = {

/* Begin PBXBuildFile section */
		5C6559C4AAD065D6C0B664AF /* Pods_MedicalCenterSearcher.framework in Frameworks */ = {isa = PBXBuildFile; fileRef = 3825F344525D5629C938D7E5 /* Pods_MedicalCenterSearcher.framework */; };
		B4AFA0D828FBF691001429C0 /* CenterInfo.swift in Sources */ = {isa = PBXBuildFile; fileRef = B4AFA0D728FBF691001429C0 /* CenterInfo.swift */; };
		B4AFA0DA28FBF95A001429C0 /* NetworkRequestRouter.swift in Sources */ = {isa = PBXBuildFile; fileRef = B4AFA0D928FBF95A001429C0 /* NetworkRequestRouter.swift */; };
		B4AFA0DC28FC009F001429C0 /* APINetworkError.swift in Sources */ = {isa = PBXBuildFile; fileRef = B4AFA0DB28FC009F001429C0 /* APINetworkError.swift */; };
		B4AFA0E028FC433C001429C0 /* APIKey.swift in Sources */ = {isa = PBXBuildFile; fileRef = B4AFA0DF28FC433C001429C0 /* APIKey.swift */; };
		B4AFA0E228FC4838001429C0 /* CenterInfoContainerView.swift in Sources */ = {isa = PBXBuildFile; fileRef = B4AFA0E128FC4838001429C0 /* CenterInfoContainerView.swift */; };
		B4AFA0E428FC48DC001429C0 /* CenterInfoItemView.swift in Sources */ = {isa = PBXBuildFile; fileRef = B4AFA0E328FC48DC001429C0 /* CenterInfoItemView.swift */; };
		B4AFA0E628FD3B66001429C0 /* CenterListData.swift in Sources */ = {isa = PBXBuildFile; fileRef = B4AFA0E528FD3B66001429C0 /* CenterListData.swift */; };
		B4AFA0E828FD3E85001429C0 /* CenterListTableViewModel.swift in Sources */ = {isa = PBXBuildFile; fileRef = B4AFA0E728FD3E85001429C0 /* CenterListTableViewModel.swift */; };
		B4B1746228FE951B00B23A26 /* MoveTopButtonViewModel.swift in Sources */ = {isa = PBXBuildFile; fileRef = B4B1746128FE951B00B23A26 /* MoveTopButtonViewModel.swift */; };
		B4E4870228F9714E00B659FD /* AppDelegate.swift in Sources */ = {isa = PBXBuildFile; fileRef = B4E4870128F9714E00B659FD /* AppDelegate.swift */; };
		B4E4870428F9714E00B659FD /* SceneDelegate.swift in Sources */ = {isa = PBXBuildFile; fileRef = B4E4870328F9714E00B659FD /* SceneDelegate.swift */; };
		B4E4870B28F9715000B659FD /* Assets.xcassets in Resources */ = {isa = PBXBuildFile; fileRef = B4E4870A28F9715000B659FD /* Assets.xcassets */; };
		B4E4870E28F9715000B659FD /* LaunchScreen.storyboard in Resources */ = {isa = PBXBuildFile; fileRef = B4E4870C28F9715000B659FD /* LaunchScreen.storyboard */; };
		B4E4871A28F98A7200B659FD /* CenterListViewController.swift in Sources */ = {isa = PBXBuildFile; fileRef = B4E4871928F98A7100B659FD /* CenterListViewController.swift */; };
		B4E4871C28F98A8600B659FD /* CenterListViewModel.swift in Sources */ = {isa = PBXBuildFile; fileRef = B4E4871B28F98A8600B659FD /* CenterListViewModel.swift */; };
		B4E4871E28F98A9C00B659FD /* CenterInfoViewController.swift in Sources */ = {isa = PBXBuildFile; fileRef = B4E4871D28F98A9C00B659FD /* CenterInfoViewController.swift */; };
		B4E4872028F98AA900B659FD /* CenterInfoViewModel.swift in Sources */ = {isa = PBXBuildFile; fileRef = B4E4871F28F98AA900B659FD /* CenterInfoViewModel.swift */; };
		B4E4872228F98ABA00B659FD /* MapViewController.swift in Sources */ = {isa = PBXBuildFile; fileRef = B4E4872128F98ABA00B659FD /* MapViewController.swift */; };
		B4E4872428F98AC500B659FD /* MapViewModel.swift in Sources */ = {isa = PBXBuildFile; fileRef = B4E4872328F98AC500B659FD /* MapViewModel.swift */; };
		B4E4872628F98ADF00B659FD /* CenterUseCase.swift in Sources */ = {isa = PBXBuildFile; fileRef = B4E4872528F98ADF00B659FD /* CenterUseCase.swift */; };
		B4E4872C28F98F0E00B659FD /* NetworkManager.swift in Sources */ = {isa = PBXBuildFile; fileRef = B4E4872B28F98F0E00B659FD /* NetworkManager.swift */; };
		B4E4872E28F99F4800B659FD /* CenterListTableView.swift in Sources */ = {isa = PBXBuildFile; fileRef = B4E4872D28F99F4800B659FD /* CenterListTableView.swift */; };
		B4E4873028F99F5C00B659FD /* CenterListCell.swift in Sources */ = {isa = PBXBuildFile; fileRef = B4E4872F28F99F5C00B659FD /* CenterListCell.swift */; };
		B4E4873828FAE93D00B659FD /* MoveTopButton.swift in Sources */ = {isa = PBXBuildFile; fileRef = B4E4873728FAE93D00B659FD /* MoveTopButton.swift */; };
/* End PBXBuildFile section */

/* Begin PBXFileReference section */
		3825F344525D5629C938D7E5 /* Pods_MedicalCenterSearcher.framework */ = {isa = PBXFileReference; explicitFileType = wrapper.framework; includeInIndex = 0; path = Pods_MedicalCenterSearcher.framework; sourceTree = BUILT_PRODUCTS_DIR; };
		71D79C18CA87A3F8DDA50C4D /* Pods-MedicalCenterSearcher.debug.xcconfig */ = {isa = PBXFileReference; includeInIndex = 1; lastKnownFileType = text.xcconfig; name = "Pods-MedicalCenterSearcher.debug.xcconfig"; path = "Target Support Files/Pods-MedicalCenterSearcher/Pods-MedicalCenterSearcher.debug.xcconfig"; sourceTree = "<group>"; };
		87130B76ADE629BA8E5D9CEC /* Pods-MedicalCenterSearcher.release.xcconfig */ = {isa = PBXFileReference; includeInIndex = 1; lastKnownFileType = text.xcconfig; name = "Pods-MedicalCenterSearcher.release.xcconfig"; path = "Target Support Files/Pods-MedicalCenterSearcher/Pods-MedicalCenterSearcher.release.xcconfig"; sourceTree = "<group>"; };
		B4AFA0D728FBF691001429C0 /* CenterInfo.swift */ = {isa = PBXFileReference; lastKnownFileType = sourcecode.swift; path = CenterInfo.swift; sourceTree = "<group>"; };
		B4AFA0D928FBF95A001429C0 /* NetworkRequestRouter.swift */ = {isa = PBXFileReference; lastKnownFileType = sourcecode.swift; path = NetworkRequestRouter.swift; sourceTree = "<group>"; };
		B4AFA0DB28FC009F001429C0 /* APINetworkError.swift */ = {isa = PBXFileReference; lastKnownFileType = sourcecode.swift; path = APINetworkError.swift; sourceTree = "<group>"; };
		B4AFA0DF28FC433C001429C0 /* APIKey.swift */ = {isa = PBXFileReference; lastKnownFileType = sourcecode.swift; path = APIKey.swift; sourceTree = "<group>"; };
		B4AFA0E128FC4838001429C0 /* CenterInfoContainerView.swift */ = {isa = PBXFileReference; lastKnownFileType = sourcecode.swift; path = CenterInfoContainerView.swift; sourceTree = "<group>"; };
		B4AFA0E328FC48DC001429C0 /* CenterInfoItemView.swift */ = {isa = PBXFileReference; lastKnownFileType = sourcecode.swift; path = CenterInfoItemView.swift; sourceTree = "<group>"; };
		B4AFA0E528FD3B66001429C0 /* CenterListData.swift */ = {isa = PBXFileReference; lastKnownFileType = sourcecode.swift; path = CenterListData.swift; sourceTree = "<group>"; };
		B4AFA0E728FD3E85001429C0 /* CenterListTableViewModel.swift */ = {isa = PBXFileReference; lastKnownFileType = sourcecode.swift; path = CenterListTableViewModel.swift; sourceTree = "<group>"; };
		B4B1746128FE951B00B23A26 /* MoveTopButtonViewModel.swift */ = {isa = PBXFileReference; lastKnownFileType = sourcecode.swift; path = MoveTopButtonViewModel.swift; sourceTree = "<group>"; };
		B4E486FE28F9714E00B659FD /* MedicalCenterSearcher.app */ = {isa = PBXFileReference; explicitFileType = wrapper.application; includeInIndex = 0; path = MedicalCenterSearcher.app; sourceTree = BUILT_PRODUCTS_DIR; };
		B4E4870128F9714E00B659FD /* AppDelegate.swift */ = {isa = PBXFileReference; lastKnownFileType = sourcecode.swift; path = AppDelegate.swift; sourceTree = "<group>"; };
		B4E4870328F9714E00B659FD /* SceneDelegate.swift */ = {isa = PBXFileReference; lastKnownFileType = sourcecode.swift; path = SceneDelegate.swift; sourceTree = "<group>"; };
		B4E4870A28F9715000B659FD /* Assets.xcassets */ = {isa = PBXFileReference; lastKnownFileType = folder.assetcatalog; path = Assets.xcassets; sourceTree = "<group>"; };
		B4E4870D28F9715000B659FD /* Base */ = {isa = PBXFileReference; lastKnownFileType = file.storyboard; name = Base; path = Base.lproj/LaunchScreen.storyboard; sourceTree = "<group>"; };
		B4E4870F28F9715000B659FD /* Info.plist */ = {isa = PBXFileReference; lastKnownFileType = text.plist.xml; name = Info.plist; path = MedicalCenterSearcher/Resources/Info.plist; sourceTree = SOURCE_ROOT; };
		B4E4871928F98A7100B659FD /* CenterListViewController.swift */ = {isa = PBXFileReference; lastKnownFileType = sourcecode.swift; path = CenterListViewController.swift; sourceTree = "<group>"; };
		B4E4871B28F98A8600B659FD /* CenterListViewModel.swift */ = {isa = PBXFileReference; lastKnownFileType = sourcecode.swift; path = CenterListViewModel.swift; sourceTree = "<group>"; };
		B4E4871D28F98A9C00B659FD /* CenterInfoViewController.swift */ = {isa = PBXFileReference; lastKnownFileType = sourcecode.swift; path = CenterInfoViewController.swift; sourceTree = "<group>"; };
		B4E4871F28F98AA900B659FD /* CenterInfoViewModel.swift */ = {isa = PBXFileReference; lastKnownFileType = sourcecode.swift; path = CenterInfoViewModel.swift; sourceTree = "<group>"; };
		B4E4872128F98ABA00B659FD /* MapViewController.swift */ = {isa = PBXFileReference; lastKnownFileType = sourcecode.swift; path = MapViewController.swift; sourceTree = "<group>"; };
		B4E4872328F98AC500B659FD /* MapViewModel.swift */ = {isa = PBXFileReference; lastKnownFileType = sourcecode.swift; path = MapViewModel.swift; sourceTree = "<group>"; };
		B4E4872528F98ADF00B659FD /* CenterUseCase.swift */ = {isa = PBXFileReference; lastKnownFileType = sourcecode.swift; path = CenterUseCase.swift; sourceTree = "<group>"; };
		B4E4872B28F98F0E00B659FD /* NetworkManager.swift */ = {isa = PBXFileReference; lastKnownFileType = sourcecode.swift; path = NetworkManager.swift; sourceTree = "<group>"; };
		B4E4872D28F99F4800B659FD /* CenterListTableView.swift */ = {isa = PBXFileReference; lastKnownFileType = sourcecode.swift; path = CenterListTableView.swift; sourceTree = "<group>"; };
		B4E4872F28F99F5C00B659FD /* CenterListCell.swift */ = {isa = PBXFileReference; lastKnownFileType = sourcecode.swift; path = CenterListCell.swift; sourceTree = "<group>"; };
		B4E4873728FAE93D00B659FD /* MoveTopButton.swift */ = {isa = PBXFileReference; lastKnownFileType = sourcecode.swift; path = MoveTopButton.swift; sourceTree = "<group>"; };
/* End PBXFileReference section */

/* Begin PBXFrameworksBuildPhase section */
		B4E486FB28F9714E00B659FD /* Frameworks */ = {
			isa = PBXFrameworksBuildPhase;
			buildActionMask = 2147483647;
			files = (
				5C6559C4AAD065D6C0B664AF /* Pods_MedicalCenterSearcher.framework in Frameworks */,
			);
			runOnlyForDeploymentPostprocessing = 0;
		};
/* End PBXFrameworksBuildPhase section */

/* Begin PBXGroup section */
		410D5D63DC0635D457BEC52B /* Frameworks */ = {
			isa = PBXGroup;
			children = (
				3825F344525D5629C938D7E5 /* Pods_MedicalCenterSearcher.framework */,
			);
			name = Frameworks;
			sourceTree = "<group>";
		};
		488C0AA85125C44D3E8D4DCD /* Pods */ = {
			isa = PBXGroup;
			children = (
				71D79C18CA87A3F8DDA50C4D /* Pods-MedicalCenterSearcher.debug.xcconfig */,
				87130B76ADE629BA8E5D9CEC /* Pods-MedicalCenterSearcher.release.xcconfig */,
			);
			path = Pods;
			sourceTree = "<group>";
		};
		B4E486F528F9714E00B659FD = {
			isa = PBXGroup;
			children = (
				B4E4870028F9714E00B659FD /* MedicalCenterSearcher */,
				B4E486FF28F9714E00B659FD /* Products */,
				488C0AA85125C44D3E8D4DCD /* Pods */,
				410D5D63DC0635D457BEC52B /* Frameworks */,
			);
			sourceTree = "<group>";
		};
		B4E486FF28F9714E00B659FD /* Products */ = {
			isa = PBXGroup;
			children = (
				B4E486FE28F9714E00B659FD /* MedicalCenterSearcher.app */,
			);
			name = Products;
			sourceTree = "<group>";
		};
		B4E4870028F9714E00B659FD /* MedicalCenterSearcher */ = {
			isa = PBXGroup;
			children = (
				B4E4871528F9835800B659FD /* CenterList */,
				B4E4871628F9836600B659FD /* CenterInfo */,
				B4E4871728F9838700B659FD /* Map */,
				B4E4872A28F98EF700B659FD /* Network */,
				B4E4871828F9874200B659FD /* Resources */,
				B4E4872528F98ADF00B659FD /* CenterUseCase.swift */,
			);
			path = MedicalCenterSearcher;
			sourceTree = "<group>";
		};
		B4E4871528F9835800B659FD /* CenterList */ = {
			isa = PBXGroup;
			children = (
				B4E4872728F98B6B00B659FD /* Components */,
				B4E4871928F98A7100B659FD /* CenterListViewController.swift */,
				B4E4871B28F98A8600B659FD /* CenterListViewModel.swift */,
			);
			path = CenterList;
			sourceTree = "<group>";
		};
		B4E4871628F9836600B659FD /* CenterInfo */ = {
			isa = PBXGroup;
			children = (
				B4E4872828F98B7900B659FD /* Components */,
				B4E4871D28F98A9C00B659FD /* CenterInfoViewController.swift */,
				B4E4871F28F98AA900B659FD /* CenterInfoViewModel.swift */,
			);
			path = CenterInfo;
			sourceTree = "<group>";
		};
		B4E4871728F9838700B659FD /* Map */ = {
			isa = PBXGroup;
			children = (
				B4E4872928F98B8000B659FD /* Components */,
				B4E4872128F98ABA00B659FD /* MapViewController.swift */,
				B4E4872328F98AC500B659FD /* MapViewModel.swift */,
			);
			path = Map;
			sourceTree = "<group>";
		};
		B4E4871828F9874200B659FD /* Resources */ = {
			isa = PBXGroup;
			children = (
				B4E4870128F9714E00B659FD /* AppDelegate.swift */,
				B4E4870328F9714E00B659FD /* SceneDelegate.swift */,
				B4E4870A28F9715000B659FD /* Assets.xcassets */,
				B4E4870C28F9715000B659FD /* LaunchScreen.storyboard */,
				B4E4870F28F9715000B659FD /* Info.plist */,
				B4AFA0DF28FC433C001429C0 /* APIKey.swift */,
			);
			path = Resources;
			sourceTree = "<group>";
		};
		B4E4872728F98B6B00B659FD /* Components */ = {
			isa = PBXGroup;
			children = (
				B4E4873628FAE3BB00B659FD /* MoveTopButton */,
				B4E4873128F99F6300B659FD /* CenterList */,
			);
			path = Components;
			sourceTree = "<group>";
		};
		B4E4872828F98B7900B659FD /* Components */ = {
			isa = PBXGroup;
			children = (
				B4AFA0E128FC4838001429C0 /* CenterInfoContainerView.swift */,
				B4AFA0E328FC48DC001429C0 /* CenterInfoItemView.swift */,
			);
			path = Components;
			sourceTree = "<group>";
		};
		B4E4872928F98B8000B659FD /* Components */ = {
			isa = PBXGroup;
			children = (
			);
			path = Components;
			sourceTree = "<group>";
		};
		B4E4872A28F98EF700B659FD /* Network */ = {
			isa = PBXGroup;
			children = (
				B4AFA0DB28FC009F001429C0 /* APINetworkError.swift */,
				B4E4872B28F98F0E00B659FD /* NetworkManager.swift */,
				B4AFA0D928FBF95A001429C0 /* NetworkRequestRouter.swift */,
				B4AFA0D728FBF691001429C0 /* CenterInfo.swift */,
			);
			path = Network;
			sourceTree = "<group>";
		};
		B4E4873128F99F6300B659FD /* CenterList */ = {
			isa = PBXGroup;
			children = (
				B4E4872D28F99F4800B659FD /* CenterListTableView.swift */,
				B4E4872F28F99F5C00B659FD /* CenterListCell.swift */,
				B4AFA0E528FD3B66001429C0 /* CenterListData.swift */,
				B4AFA0E728FD3E85001429C0 /* CenterListTableViewModel.swift */,
			);
			path = CenterList;
			sourceTree = "<group>";
		};
		B4E4873628FAE3BB00B659FD /* MoveTopButton */ = {
			isa = PBXGroup;
			children = (
				B4E4873728FAE93D00B659FD /* MoveTopButton.swift */,
				B4B1746128FE951B00B23A26 /* MoveTopButtonViewModel.swift */,
			);
			path = MoveTopButton;
			sourceTree = "<group>";
		};
/* End PBXGroup section */

/* Begin PBXNativeTarget section */
		B4E486FD28F9714E00B659FD /* MedicalCenterSearcher */ = {
			isa = PBXNativeTarget;
			buildConfigurationList = B4E4871228F9715000B659FD /* Build configuration list for PBXNativeTarget "MedicalCenterSearcher" */;
			buildPhases = (
				32A8FC8F620B35F0C35C53AD /* [CP] Check Pods Manifest.lock */,
				B4E486FA28F9714E00B659FD /* Sources */,
				B4E486FB28F9714E00B659FD /* Frameworks */,
				B4E486FC28F9714E00B659FD /* Resources */,
				D75B70B400B8466EC0F477CC /* [CP] Embed Pods Frameworks */,
			);
			buildRules = (
			);
			dependencies = (
			);
			name = MedicalCenterSearcher;
			productName = MedicalCenterSearcher;
			productReference = B4E486FE28F9714E00B659FD /* MedicalCenterSearcher.app */;
			productType = "com.apple.product-type.application";
		};
/* End PBXNativeTarget section */

/* Begin PBXProject section */
		B4E486F628F9714E00B659FD /* Project object */ = {
			isa = PBXProject;
			attributes = {
				BuildIndependentTargetsInParallel = 1;
				LastSwiftUpdateCheck = 1320;
				LastUpgradeCheck = 1320;
				TargetAttributes = {
					B4E486FD28F9714E00B659FD = {
						CreatedOnToolsVersion = 13.2.1;
					};
				};
			};
			buildConfigurationList = B4E486F928F9714E00B659FD /* Build configuration list for PBXProject "MedicalCenterSearcher" */;
			compatibilityVersion = "Xcode 13.0";
			developmentRegion = en;
			hasScannedForEncodings = 0;
			knownRegions = (
				en,
				Base,
			);
			mainGroup = B4E486F528F9714E00B659FD;
			productRefGroup = B4E486FF28F9714E00B659FD /* Products */;
			projectDirPath = "";
			projectRoot = "";
			targets = (
				B4E486FD28F9714E00B659FD /* MedicalCenterSearcher */,
			);
		};
/* End PBXProject section */

/* Begin PBXResourcesBuildPhase section */
		B4E486FC28F9714E00B659FD /* Resources */ = {
			isa = PBXResourcesBuildPhase;
			buildActionMask = 2147483647;
			files = (
				B4E4870E28F9715000B659FD /* LaunchScreen.storyboard in Resources */,
				B4E4870B28F9715000B659FD /* Assets.xcassets in Resources */,
			);
			runOnlyForDeploymentPostprocessing = 0;
		};
/* End PBXResourcesBuildPhase section */

/* Begin PBXShellScriptBuildPhase section */
		32A8FC8F620B35F0C35C53AD /* [CP] Check Pods Manifest.lock */ = {
			isa = PBXShellScriptBuildPhase;
			buildActionMask = 2147483647;
			files = (
			);
			inputFileListPaths = (
			);
			inputPaths = (
				"${PODS_PODFILE_DIR_PATH}/Podfile.lock",
				"${PODS_ROOT}/Manifest.lock",
			);
			name = "[CP] Check Pods Manifest.lock";
			outputFileListPaths = (
			);
			outputPaths = (
				"$(DERIVED_FILE_DIR)/Pods-MedicalCenterSearcher-checkManifestLockResult.txt",
			);
			runOnlyForDeploymentPostprocessing = 0;
			shellPath = /bin/sh;
			shellScript = "diff \"${PODS_PODFILE_DIR_PATH}/Podfile.lock\" \"${PODS_ROOT}/Manifest.lock\" > /dev/null\nif [ $? != 0 ] ; then\n    # print error to STDERR\n    echo \"error: The sandbox is not in sync with the Podfile.lock. Run 'pod install' or update your CocoaPods installation.\" >&2\n    exit 1\nfi\n# This output is used by Xcode 'outputs' to avoid re-running this script phase.\necho \"SUCCESS\" > \"${SCRIPT_OUTPUT_FILE_0}\"\n";
			showEnvVarsInLog = 0;
		};
		D75B70B400B8466EC0F477CC /* [CP] Embed Pods Frameworks */ = {
			isa = PBXShellScriptBuildPhase;
			buildActionMask = 2147483647;
			files = (
			);
			inputFileListPaths = (
				"${PODS_ROOT}/Target Support Files/Pods-MedicalCenterSearcher/Pods-MedicalCenterSearcher-frameworks-${CONFIGURATION}-input-files.xcfilelist",
			);
			name = "[CP] Embed Pods Frameworks";
			outputFileListPaths = (
				"${PODS_ROOT}/Target Support Files/Pods-MedicalCenterSearcher/Pods-MedicalCenterSearcher-frameworks-${CONFIGURATION}-output-files.xcfilelist",
			);
			runOnlyForDeploymentPostprocessing = 0;
			shellPath = /bin/sh;
			shellScript = "\"${PODS_ROOT}/Target Support Files/Pods-MedicalCenterSearcher/Pods-MedicalCenterSearcher-frameworks.sh\"\n";
			showEnvVarsInLog = 0;
		};
/* End PBXShellScriptBuildPhase section */

/* Begin PBXSourcesBuildPhase section */
		B4E486FA28F9714E00B659FD /* Sources */ = {
			isa = PBXSourcesBuildPhase;
			buildActionMask = 2147483647;
			files = (
				B4E4873028F99F5C00B659FD /* CenterListCell.swift in Sources */,
				B4E4872E28F99F4800B659FD /* CenterListTableView.swift in Sources */,
				B4AFA0E628FD3B66001429C0 /* CenterListData.swift in Sources */,
				B4AFA0E428FC48DC001429C0 /* CenterInfoItemView.swift in Sources */,
				B4AFA0E828FD3E85001429C0 /* CenterListTableViewModel.swift in Sources */,
				B4E4872628F98ADF00B659FD /* CenterUseCase.swift in Sources */,
				B4E4871A28F98A7200B659FD /* CenterListViewController.swift in Sources */,
				B4E4872C28F98F0E00B659FD /* NetworkManager.swift in Sources */,
				B4E4873828FAE93D00B659FD /* MoveTopButton.swift in Sources */,
				B4E4870228F9714E00B659FD /* AppDelegate.swift in Sources */,
				B4E4871C28F98A8600B659FD /* CenterListViewModel.swift in Sources */,
				B4E4872028F98AA900B659FD /* CenterInfoViewModel.swift in Sources */,
				B4E4870428F9714E00B659FD /* SceneDelegate.swift in Sources */,
				B4E4871E28F98A9C00B659FD /* CenterInfoViewController.swift in Sources */,
				B4AFA0DA28FBF95A001429C0 /* NetworkRequestRouter.swift in Sources */,
				B4B1746228FE951B00B23A26 /* MoveTopButtonViewModel.swift in Sources */,
				B4E4872228F98ABA00B659FD /* MapViewController.swift in Sources */,
				B4AFA0D828FBF691001429C0 /* CenterInfo.swift in Sources */,
				B4AFA0DC28FC009F001429C0 /* APINetworkError.swift in Sources */,
				B4AFA0E028FC433C001429C0 /* APIKey.swift in Sources */,
				B4E4872428F98AC500B659FD /* MapViewModel.swift in Sources */,
				B4AFA0E228FC4838001429C0 /* CenterInfoContainerView.swift in Sources */,
			);
			runOnlyForDeploymentPostprocessing = 0;
		};
/* End PBXSourcesBuildPhase section */

/* Begin PBXVariantGroup section */
		B4E4870C28F9715000B659FD /* LaunchScreen.storyboard */ = {
			isa = PBXVariantGroup;
			children = (
				B4E4870D28F9715000B659FD /* Base */,
			);
			name = LaunchScreen.storyboard;
			sourceTree = "<group>";
		};
/* End PBXVariantGroup section */

/* Begin XCBuildConfiguration section */
		B4E4871028F9715000B659FD /* Debug */ = {
			isa = XCBuildConfiguration;
			buildSettings = {
				ALWAYS_SEARCH_USER_PATHS = NO;
				CLANG_ANALYZER_NONNULL = YES;
				CLANG_ANALYZER_NUMBER_OBJECT_CONVERSION = YES_AGGRESSIVE;
				CLANG_CXX_LANGUAGE_STANDARD = "gnu++17";
				CLANG_CXX_LIBRARY = "libc++";
				CLANG_ENABLE_MODULES = YES;
				CLANG_ENABLE_OBJC_ARC = YES;
				CLANG_ENABLE_OBJC_WEAK = YES;
				CLANG_WARN_BLOCK_CAPTURE_AUTORELEASING = YES;
				CLANG_WARN_BOOL_CONVERSION = YES;
				CLANG_WARN_COMMA = YES;
				CLANG_WARN_CONSTANT_CONVERSION = YES;
				CLANG_WARN_DEPRECATED_OBJC_IMPLEMENTATIONS = YES;
				CLANG_WARN_DIRECT_OBJC_ISA_USAGE = YES_ERROR;
				CLANG_WARN_DOCUMENTATION_COMMENTS = YES;
				CLANG_WARN_EMPTY_BODY = YES;
				CLANG_WARN_ENUM_CONVERSION = YES;
				CLANG_WARN_INFINITE_RECURSION = YES;
				CLANG_WARN_INT_CONVERSION = YES;
				CLANG_WARN_NON_LITERAL_NULL_CONVERSION = YES;
				CLANG_WARN_OBJC_IMPLICIT_RETAIN_SELF = YES;
				CLANG_WARN_OBJC_LITERAL_CONVERSION = YES;
				CLANG_WARN_OBJC_ROOT_CLASS = YES_ERROR;
				CLANG_WARN_QUOTED_INCLUDE_IN_FRAMEWORK_HEADER = YES;
				CLANG_WARN_RANGE_LOOP_ANALYSIS = YES;
				CLANG_WARN_STRICT_PROTOTYPES = YES;
				CLANG_WARN_SUSPICIOUS_MOVE = YES;
				CLANG_WARN_UNGUARDED_AVAILABILITY = YES_AGGRESSIVE;
				CLANG_WARN_UNREACHABLE_CODE = YES;
				CLANG_WARN__DUPLICATE_METHOD_MATCH = YES;
				COPY_PHASE_STRIP = NO;
				DEBUG_INFORMATION_FORMAT = dwarf;
				ENABLE_STRICT_OBJC_MSGSEND = YES;
				ENABLE_TESTABILITY = YES;
				GCC_C_LANGUAGE_STANDARD = gnu11;
				GCC_DYNAMIC_NO_PIC = NO;
				GCC_NO_COMMON_BLOCKS = YES;
				GCC_OPTIMIZATION_LEVEL = 0;
				GCC_PREPROCESSOR_DEFINITIONS = (
					"DEBUG=1",
					"$(inherited)",
				);
				GCC_WARN_64_TO_32_BIT_CONVERSION = YES;
				GCC_WARN_ABOUT_RETURN_TYPE = YES_ERROR;
				GCC_WARN_UNDECLARED_SELECTOR = YES;
				GCC_WARN_UNINITIALIZED_AUTOS = YES_AGGRESSIVE;
				GCC_WARN_UNUSED_FUNCTION = YES;
				GCC_WARN_UNUSED_VARIABLE = YES;
				IPHONEOS_DEPLOYMENT_TARGET = 14.0;
				MTL_ENABLE_DEBUG_INFO = INCLUDE_SOURCE;
				MTL_FAST_MATH = YES;
				ONLY_ACTIVE_ARCH = YES;
				SDKROOT = iphoneos;
				SWIFT_ACTIVE_COMPILATION_CONDITIONS = DEBUG;
				SWIFT_OPTIMIZATION_LEVEL = "-Onone";
			};
			name = Debug;
		};
		B4E4871128F9715000B659FD /* Release */ = {
			isa = XCBuildConfiguration;
			buildSettings = {
				ALWAYS_SEARCH_USER_PATHS = NO;
				CLANG_ANALYZER_NONNULL = YES;
				CLANG_ANALYZER_NUMBER_OBJECT_CONVERSION = YES_AGGRESSIVE;
				CLANG_CXX_LANGUAGE_STANDARD = "gnu++17";
				CLANG_CXX_LIBRARY = "libc++";
				CLANG_ENABLE_MODULES = YES;
				CLANG_ENABLE_OBJC_ARC = YES;
				CLANG_ENABLE_OBJC_WEAK = YES;
				CLANG_WARN_BLOCK_CAPTURE_AUTORELEASING = YES;
				CLANG_WARN_BOOL_CONVERSION = YES;
				CLANG_WARN_COMMA = YES;
				CLANG_WARN_CONSTANT_CONVERSION = YES;
				CLANG_WARN_DEPRECATED_OBJC_IMPLEMENTATIONS = YES;
				CLANG_WARN_DIRECT_OBJC_ISA_USAGE = YES_ERROR;
				CLANG_WARN_DOCUMENTATION_COMMENTS = YES;
				CLANG_WARN_EMPTY_BODY = YES;
				CLANG_WARN_ENUM_CONVERSION = YES;
				CLANG_WARN_INFINITE_RECURSION = YES;
				CLANG_WARN_INT_CONVERSION = YES;
				CLANG_WARN_NON_LITERAL_NULL_CONVERSION = YES;
				CLANG_WARN_OBJC_IMPLICIT_RETAIN_SELF = YES;
				CLANG_WARN_OBJC_LITERAL_CONVERSION = YES;
				CLANG_WARN_OBJC_ROOT_CLASS = YES_ERROR;
				CLANG_WARN_QUOTED_INCLUDE_IN_FRAMEWORK_HEADER = YES;
				CLANG_WARN_RANGE_LOOP_ANALYSIS = YES;
				CLANG_WARN_STRICT_PROTOTYPES = YES;
				CLANG_WARN_SUSPICIOUS_MOVE = YES;
				CLANG_WARN_UNGUARDED_AVAILABILITY = YES_AGGRESSIVE;
				CLANG_WARN_UNREACHABLE_CODE = YES;
				CLANG_WARN__DUPLICATE_METHOD_MATCH = YES;
				COPY_PHASE_STRIP = NO;
				DEBUG_INFORMATION_FORMAT = "dwarf-with-dsym";
				ENABLE_NS_ASSERTIONS = NO;
				ENABLE_STRICT_OBJC_MSGSEND = YES;
				GCC_C_LANGUAGE_STANDARD = gnu11;
				GCC_NO_COMMON_BLOCKS = YES;
				GCC_WARN_64_TO_32_BIT_CONVERSION = YES;
				GCC_WARN_ABOUT_RETURN_TYPE = YES_ERROR;
				GCC_WARN_UNDECLARED_SELECTOR = YES;
				GCC_WARN_UNINITIALIZED_AUTOS = YES_AGGRESSIVE;
				GCC_WARN_UNUSED_FUNCTION = YES;
				GCC_WARN_UNUSED_VARIABLE = YES;
				IPHONEOS_DEPLOYMENT_TARGET = 14.0;
				MTL_ENABLE_DEBUG_INFO = NO;
				MTL_FAST_MATH = YES;
				SDKROOT = iphoneos;
				SWIFT_COMPILATION_MODE = wholemodule;
				SWIFT_OPTIMIZATION_LEVEL = "-O";
				VALIDATE_PRODUCT = YES;
			};
			name = Release;
		};
		B4E4871328F9715000B659FD /* Debug */ = {
			isa = XCBuildConfiguration;
			baseConfigurationReference = 71D79C18CA87A3F8DDA50C4D /* Pods-MedicalCenterSearcher.debug.xcconfig */;
			buildSettings = {
				ASSETCATALOG_COMPILER_APPICON_NAME = AppIcon;
				ASSETCATALOG_COMPILER_GLOBAL_ACCENT_COLOR_NAME = AccentColor;
				CODE_SIGN_STYLE = Automatic;
				CURRENT_PROJECT_VERSION = 1;
				DEVELOPMENT_TEAM = BFFWUZ89CF;
				GENERATE_INFOPLIST_FILE = YES;
				INFOPLIST_FILE = MedicalCenterSearcher/Resources/Info.plist;
				INFOPLIST_KEY_UIApplicationSupportsIndirectInputEvents = YES;
				INFOPLIST_KEY_UILaunchStoryboardName = LaunchScreen;
				INFOPLIST_KEY_UISupportedInterfaceOrientations = UIInterfaceOrientationPortrait;
				INFOPLIST_KEY_UISupportedInterfaceOrientations_iPad = "UIInterfaceOrientationPortrait UIInterfaceOrientationPortraitUpsideDown UIInterfaceOrientationLandscapeLeft UIInterfaceOrientationLandscapeRight";
				INFOPLIST_KEY_UISupportedInterfaceOrientations_iPhone = "UIInterfaceOrientationPortrait UIInterfaceOrientationLandscapeLeft UIInterfaceOrientationLandscapeRight";
				LD_RUNPATH_SEARCH_PATHS = (
					"$(inherited)",
					"@executable_path/Frameworks",
				);
				MARKETING_VERSION = 1.0;
				PRODUCT_BUNDLE_IDENTIFIER = Babywalnut.MedicalCenterSearcher;
				PRODUCT_NAME = "$(TARGET_NAME)";
				SWIFT_EMIT_LOC_STRINGS = YES;
				SWIFT_VERSION = 5.0;
				TARGETED_DEVICE_FAMILY = 1;
			};
			name = Debug;
		};
		B4E4871428F9715000B659FD /* Release */ = {
			isa = XCBuildConfiguration;
			baseConfigurationReference = 87130B76ADE629BA8E5D9CEC /* Pods-MedicalCenterSearcher.release.xcconfig */;
			buildSettings = {
				ASSETCATALOG_COMPILER_APPICON_NAME = AppIcon;
				ASSETCATALOG_COMPILER_GLOBAL_ACCENT_COLOR_NAME = AccentColor;
				CODE_SIGN_STYLE = Automatic;
				CURRENT_PROJECT_VERSION = 1;
				DEVELOPMENT_TEAM = BFFWUZ89CF;
				GENERATE_INFOPLIST_FILE = YES;
				INFOPLIST_FILE = MedicalCenterSearcher/Resources/Info.plist;
				INFOPLIST_KEY_UIApplicationSupportsIndirectInputEvents = YES;
				INFOPLIST_KEY_UILaunchStoryboardName = LaunchScreen;
				INFOPLIST_KEY_UISupportedInterfaceOrientations = UIInterfaceOrientationPortrait;
				INFOPLIST_KEY_UISupportedInterfaceOrientations_iPad = "UIInterfaceOrientationPortrait UIInterfaceOrientationPortraitUpsideDown UIInterfaceOrientationLandscapeLeft UIInterfaceOrientationLandscapeRight";
				INFOPLIST_KEY_UISupportedInterfaceOrientations_iPhone = "UIInterfaceOrientationPortrait UIInterfaceOrientationLandscapeLeft UIInterfaceOrientationLandscapeRight";
				LD_RUNPATH_SEARCH_PATHS = (
					"$(inherited)",
					"@executable_path/Frameworks",
				);
				MARKETING_VERSION = 1.0;
				PRODUCT_BUNDLE_IDENTIFIER = Babywalnut.MedicalCenterSearcher;
				PRODUCT_NAME = "$(TARGET_NAME)";
				SWIFT_EMIT_LOC_STRINGS = YES;
				SWIFT_VERSION = 5.0;
				TARGETED_DEVICE_FAMILY = 1;
			};
			name = Release;
		};
/* End XCBuildConfiguration section */

/* Begin XCConfigurationList section */
		B4E486F928F9714E00B659FD /* Build configuration list for PBXProject "MedicalCenterSearcher" */ = {
			isa = XCConfigurationList;
			buildConfigurations = (
				B4E4871028F9715000B659FD /* Debug */,
				B4E4871128F9715000B659FD /* Release */,
			);
			defaultConfigurationIsVisible = 0;
			defaultConfigurationName = Release;
		};
		B4E4871228F9715000B659FD /* Build configuration list for PBXNativeTarget "MedicalCenterSearcher" */ = {
			isa = XCConfigurationList;
			buildConfigurations = (
				B4E4871328F9715000B659FD /* Debug */,
				B4E4871428F9715000B659FD /* Release */,
			);
			defaultConfigurationIsVisible = 0;
			defaultConfigurationName = Release;
		};
/* End XCConfigurationList section */
	};
	rootObject = B4E486F628F9714E00B659FD /* Project object */;
}
